
Microsoft Visual Studio Solution File, Format Version 12.00
# Visual Studio Version 17
VisualStudioVersion = 17.5.33516.290
MinimumVisualStudioVersion = 10.0.40219.1
Project("{FAE04EC0-301F-11D3-BF4B-00C04F79EFBC}") = "circleOperations", "circleOperations\circleOperations.csproj", "{711BECBF-75C8-4DA4-A3FA-2E73C1703CE3}"
EndProject
Global
	GlobalSection(SolutionConfigurationPlatforms) = preSolution
		Debug|Any CPU = Debug|Any CPU
		Release|Any CPU = Release|Any CPU
	EndGlobalSection
	GlobalSection(ProjectConfigurationPlatforms) = postSolution
		{711BECBF-75C8-4DA4-A3FA-2E73C1703CE3}.Debug|Any CPU.ActiveCfg = Debug|Any CPU
		{711BECBF-75C8-4DA4-A3FA-2E73C1703CE3}.Debug|Any CPU.Build.0 = Debug|Any CPU
		{711BECBF-75C8-4DA4-A3FA-2E73C1703CE3}.Release|Any CPU.ActiveCfg = Release|Any CPU
		{711BECBF-75C8-4DA4-A3FA-2E73C1703CE3}.Release|Any CPU.Build.0 = Release|Any CPU
	EndGlobalSection
	GlobalSection(SolutionProperties) = preSolution
		HideSolutionNode = FALSE
	EndGlobalSection
	GlobalSection(ExtensibilityGlobals) = postSolution
		SolutionGuid = {7C017FFF-B604-486F-914A-2B4F3C3C2ED1}
	EndGlobalSection
EndGlobal
